
Microsoft Visual Studio Solution File, Format Version 12.00
# Visual Studio 15
VisualStudioVersion = 15.0.27703.2035
MinimumVisualStudioVersion = 10.0.40219.1
Project("{FAE04EC0-301F-11D3-BF4B-00C04F79EFBC}") = "XF.ControlesBasicos.Android", "XF.ControlesBasicos\XF.ControlesBasicos.Android\XF.ControlesBasicos.Android.csproj", "{DC6AD202-9D0A-4F4B-939A-2959541C5491}"
EndProject
Project("{FAE04EC0-301F-11D3-BF4B-00C04F79EFBC}") = "XF.ControlesBasicos.iOS", "XF.ControlesBasicos\XF.ControlesBasicos.iOS\XF.ControlesBasicos.iOS.csproj", "{EF3D7881-2816-45BA-A566-34F1272CF25C}"
EndProject
Project("{FAE04EC0-301F-11D3-BF4B-00C04F79EFBC}") = "XF.ControlesBasicos", "XF.ControlesBasicos\XF.ControlesBasicos\XF.ControlesBasicos.csproj", "{1A93F433-43E7-44C2-B47F-5A8B8D34B2C5}"
EndProject
Global
	GlobalSection(SolutionConfigurationPlatforms) = preSolution
		Ad-Hoc|Any CPU = Ad-Hoc|Any CPU
		Ad-Hoc|iPhone = Ad-Hoc|iPhone
		Ad-Hoc|iPhoneSimulator = Ad-Hoc|iPhoneSimulator
		AppStore|Any CPU = AppStore|Any CPU
		AppStore|iPhone = AppStore|iPhone
		AppStore|iPhoneSimulator = AppStore|iPhoneSimulator
		Debug|Any CPU = Debug|Any CPU
		Debug|iPhone = Debug|iPhone
		Debug|iPhoneSimulator = Debug|iPhoneSimulator
		Release|Any CPU = Release|Any CPU
		Release|iPhone = Release|iPhone
		Release|iPhoneSimulator = Release|iPhoneSimulator
	EndGlobalSection
	GlobalSection(ProjectConfigurationPlatforms) = postSolution
		{DC6AD202-9D0A-4F4B-939A-2959541C5491}.Ad-Hoc|Any CPU.ActiveCfg = Release|Any CPU
		{DC6AD202-9D0A-4F4B-939A-2959541C5491}.Ad-Hoc|Any CPU.Build.0 = Release|Any CPU
		{DC6AD202-9D0A-4F4B-939A-2959541C5491}.Ad-Hoc|Any CPU.Deploy.0 = Release|Any CPU
		{DC6AD202-9D0A-4F4B-939A-2959541C5491}.Ad-Hoc|iPhone.ActiveCfg = Release|Any CPU
		{DC6AD202-9D0A-4F4B-939A-2959541C5491}.Ad-Hoc|iPhone.Build.0 = Release|Any CPU
		{DC6AD202-9D0A-4F4B-939A-2959541C5491}.Ad-Hoc|iPhone.Deploy.0 = Release|Any CPU
		{DC6AD202-9D0A-4F4B-939A-2959541C5491}.Ad-Hoc|iPhoneSimulator.ActiveCfg = Release|Any CPU
		{DC6AD202-9D0A-4F4B-939A-2959541C5491}.Ad-Hoc|iPhoneSimulator.Build.0 = Release|Any CPU
		{DC6AD202-9D0A-4F4B-939A-2959541C5491}.Ad-Hoc|iPhoneSimulator.Deploy.0 = Release|Any CPU
		{DC6AD202-9D0A-4F4B-939A-2959541C5491}.AppStore|Any CPU.ActiveCfg = Release|Any CPU
		{DC6AD202-9D0A-4F4B-939A-2959541C5491}.AppStore|Any CPU.Build.0 = Release|Any CPU
		{DC6AD202-9D0A-4F4B-939A-2959541C5491}.AppStore|Any CPU.Deploy.0 = Release|Any CPU
		{DC6AD202-9D0A-4F4B-939A-2959541C5491}.AppStore|iPhone.ActiveCfg = Release|Any CPU
		{DC6AD202-9D0A-4F4B-939A-2959541C5491}.AppStore|iPhone.Build.0 = Release|Any CPU
		{DC6AD202-9D0A-4F4B-939A-2959541C5491}.AppStore|iPhone.Deploy.0 = Release|Any CPU
		{DC6AD202-9D0A-4F4B-939A-2959541C5491}.AppStore|iPhoneSimulator.ActiveCfg = Release|Any CPU
		{DC6AD202-9D0A-4F4B-939A-2959541C5491}.AppStore|iPhoneSimulator.Build.0 = Release|Any CPU
		{DC6AD202-9D0A-4F4B-939A-2959541C5491}.AppStore|iPhoneSimulator.Deploy.0 = Release|Any CPU
		{DC6AD202-9D0A-4F4B-939A-2959541C5491}.Debug|Any CPU.ActiveCfg = Debug|Any CPU
		{DC6AD202-9D0A-4F4B-939A-2959541C5491}.Debug|Any CPU.Build.0 = Debug|Any CPU
		{DC6AD202-9D0A-4F4B-939A-2959541C5491}.Debug|Any CPU.Deploy.0 = Debug|Any CPU
		{DC6AD202-9D0A-4F4B-939A-2959541C5491}.Debug|iPhone.ActiveCfg = Debug|Any CPU
		{DC6AD202-9D0A-4F4B-939A-2959541C5491}.Debug|iPhone.Build.0 = Debug|Any CPU
		{DC6AD202-9D0A-4F4B-939A-2959541C5491}.Debug|iPhone.Deploy.0 = Debug|Any CPU
		{DC6AD202-9D0A-4F4B-939A-2959541C5491}.Debug|iPhoneSimulator.ActiveCfg = Debug|Any CPU
		{DC6AD202-9D0A-4F4B-939A-2959541C5491}.Debug|iPhoneSimulator.Build.0 = Debug|Any CPU
		{DC6AD202-9D0A-4F4B-939A-2959541C5491}.Debug|iPhoneSimulator.Deploy.0 = Debug|Any CPU
		{DC6AD202-9D0A-4F4B-939A-2959541C5491}.Release|Any CPU.ActiveCfg = Release|Any CPU
		{DC6AD202-9D0A-4F4B-939A-2959541C5491}.Release|Any CPU.Build.0 = Release|Any CPU
		{DC6AD202-9D0A-4F4B-939A-2959541C5491}.Release|Any CPU.Deploy.0 = Release|Any CPU
		{DC6AD202-9D0A-4F4B-939A-2959541C5491}.Release|iPhone.ActiveCfg = Release|Any CPU
		{DC6AD202-9D0A-4F4B-939A-2959541C5491}.Release|iPhone.Build.0 = Release|Any CPU
		{DC6AD202-9D0A-4F4B-939A-2959541C5491}.Release|iPhone.Deploy.0 = Release|Any CPU
		{DC6AD202-9D0A-4F4B-939A-2959541C5491}.Release|iPhoneSimulator.ActiveCfg = Release|Any CPU
		{DC6AD202-9D0A-4F4B-939A-2959541C5491}.Release|iPhoneSimulator.Build.0 = Release|Any CPU
		{DC6AD202-9D0A-4F4B-939A-2959541C5491}.Release|iPhoneSimulator.Deploy.0 = Release|Any CPU
		{EF3D7881-2816-45BA-A566-34F1272CF25C}.Ad-Hoc|Any CPU.ActiveCfg = Ad-Hoc|iPhone
		{EF3D7881-2816-45BA-A566-34F1272CF25C}.Ad-Hoc|Any CPU.Build.0 = Ad-Hoc|iPhone
		{EF3D7881-2816-45BA-A566-34F1272CF25C}.Ad-Hoc|Any CPU.Deploy.0 = Ad-Hoc|iPhone
		{EF3D7881-2816-45BA-A566-34F1272CF25C}.Ad-Hoc|iPhone.ActiveCfg = Ad-Hoc|iPhone
		{EF3D7881-2816-45BA-A566-34F1272CF25C}.Ad-Hoc|iPhone.Build.0 = Ad-Hoc|iPhone
		{EF3D7881-2816-45BA-A566-34F1272CF25C}.Ad-Hoc|iPhone.Deploy.0 = Ad-Hoc|iPhone
		{EF3D7881-2816-45BA-A566-34F1272CF25C}.Ad-Hoc|iPhoneSimulator.ActiveCfg = Ad-Hoc|iPhoneSimulator
		{EF3D7881-2816-45BA-A566-34F1272CF25C}.Ad-Hoc|iPhoneSimulator.Build.0 = Ad-Hoc|iPhoneSimulator
		{EF3D7881-2816-45BA-A566-34F1272CF25C}.Ad-Hoc|iPhoneSimulator.Deploy.0 = Ad-Hoc|iPhoneSimulator
		{EF3D7881-2816-45BA-A566-34F1272CF25C}.AppStore|Any CPU.ActiveCfg = AppStore|iPhone
		{EF3D7881-2816-45BA-A566-34F1272CF25C}.AppStore|Any CPU.Build.0 = AppStore|iPhone
		{EF3D7881-2816-45BA-A566-34F1272CF25C}.AppStore|Any CPU.Deploy.0 = AppStore|iPhone
		{EF3D7881-2816-45BA-A566-34F1272CF25C}.AppStore|iPhone.ActiveCfg = AppStore|iPhone
		{EF3D7881-2816-45BA-A566-34F1272CF25C}.AppStore|iPhone.Build.0 = AppStore|iPhone
		{EF3D7881-2816-45BA-A566-34F1272CF25C}.AppStore|iPhone.Deploy.0 = AppStore|iPhone
		{EF3D7881-2816-45BA-A566-34F1272CF25C}.AppStore|iPhoneSimulator.ActiveCfg = AppStore|iPhoneSimulator
		{EF3D7881-2816-45BA-A566-34F1272CF25C}.AppStore|iPhoneSimulator.Build.0 = AppStore|iPhoneSimulator
		{EF3D7881-2816-45BA-A566-34F1272CF25C}.AppStore|iPhoneSimulator.Deploy.0 = AppStore|iPhoneSimulator
		{EF3D7881-2816-45BA-A566-34F1272CF25C}.Debug|Any CPU.ActiveCfg = Debug|iPhoneSimulator
		{EF3D7881-2816-45BA-A566-34F1272CF25C}.Debug|Any CPU.Build.0 = Debug|iPhoneSimulator
		{EF3D7881-2816-45BA-A566-34F1272CF25C}.Debug|Any CPU.Deploy.0 = Debug|iPhoneSimulator
		{EF3D7881-2816-45BA-A566-34F1272CF25C}.Debug|iPhone.ActiveCfg = Debug|iPhone
		{EF3D7881-2816-45BA-A566-34F1272CF25C}.Debug|iPhone.Build.0 = Debug|iPhone
		{EF3D7881-2816-45BA-A566-34F1272CF25C}.Debug|iPhone.Deploy.0 = Debug|iPhone
		{EF3D7881-2816-45BA-A566-34F1272CF25C}.Debug|iPhoneSimulator.ActiveCfg = Debug|iPhoneSimulator
		{EF3D7881-2816-45BA-A566-34F1272CF25C}.Debug|iPhoneSimulator.Build.0 = Debug|iPhoneSimulator
		{EF3D7881-2816-45BA-A566-34F1272CF25C}.Debug|iPhoneSimulator.Deploy.0 = Debug|iPhoneSimulator
		{EF3D7881-2816-45BA-A566-34F1272CF25C}.Release|Any CPU.ActiveCfg = Release|iPhone
		{EF3D7881-2816-45BA-A566-34F1272CF25C}.Release|Any CPU.Build.0 = Release|iPhone
		{EF3D7881-2816-45BA-A566-34F1272CF25C}.Release|Any CPU.Deploy.0 = Release|iPhone
		{EF3D7881-2816-45BA-A566-34F1272CF25C}.Release|iPhone.ActiveCfg = Release|iPhone
		{EF3D7881-2816-45BA-A566-34F1272CF25C}.Release|iPhone.Build.0 = Release|iPhone
		{EF3D7881-2816-45BA-A566-34F1272CF25C}.Release|iPhone.Deploy.0 = Release|iPhone
		{EF3D7881-2816-45BA-A566-34F1272CF25C}.Release|iPhoneSimulator.ActiveCfg = Release|iPhoneSimulator
		{EF3D7881-2816-45BA-A566-34F1272CF25C}.Release|iPhoneSimulator.Build.0 = Release|iPhoneSimulator
		{EF3D7881-2816-45BA-A566-34F1272CF25C}.Release|iPhoneSimulator.Deploy.0 = Release|iPhoneSimulator
		{1A93F433-43E7-44C2-B47F-5A8B8D34B2C5}.Ad-Hoc|Any CPU.ActiveCfg = Debug|Any CPU
		{1A93F433-43E7-44C2-B47F-5A8B8D34B2C5}.Ad-Hoc|Any CPU.Build.0 = Debug|Any CPU
		{1A93F433-43E7-44C2-B47F-5A8B8D34B2C5}.Ad-Hoc|Any CPU.Deploy.0 = Debug|Any CPU
		{1A93F433-43E7-44C2-B47F-5A8B8D34B2C5}.Ad-Hoc|iPhone.ActiveCfg = Debug|Any CPU
		{1A93F433-43E7-44C2-B47F-5A8B8D34B2C5}.Ad-Hoc|iPhone.Build.0 = Debug|Any CPU
		{1A93F433-43E7-44C2-B47F-5A8B8D34B2C5}.Ad-Hoc|iPhone.Deploy.0 = Debug|Any CPU
		{1A93F433-43E7-44C2-B47F-5A8B8D34B2C5}.Ad-Hoc|iPhoneSimulator.ActiveCfg = Debug|Any CPU
		{1A93F433-43E7-44C2-B47F-5A8B8D34B2C5}.Ad-Hoc|iPhoneSimulator.Build.0 = Debug|Any CPU
		{1A93F433-43E7-44C2-B47F-5A8B8D34B2C5}.Ad-Hoc|iPhoneSimulator.Deploy.0 = Debug|Any CPU
		{1A93F433-43E7-44C2-B47F-5A8B8D34B2C5}.AppStore|Any CPU.ActiveCfg = Debug|Any CPU
		{1A93F433-43E7-44C2-B47F-5A8B8D34B2C5}.AppStore|Any CPU.Build.0 = Debug|Any CPU
		{1A93F433-43E7-44C2-B47F-5A8B8D34B2C5}.AppStore|Any CPU.Deploy.0 = Debug|Any CPU
		{1A93F433-43E7-44C2-B47F-5A8B8D34B2C5}.AppStore|iPhone.ActiveCfg = Debug|Any CPU
		{1A93F433-43E7-44C2-B47F-5A8B8D34B2C5}.AppStore|iPhone.Build.0 = Debug|Any CPU
		{1A93F433-43E7-44C2-B47F-5A8B8D34B2C5}.AppStore|iPhone.Deploy.0 = Debug|Any CPU
		{1A93F433-43E7-44C2-B47F-5A8B8D34B2C5}.AppStore|iPhoneSimulator.ActiveCfg = Debug|Any CPU
		{1A93F433-43E7-44C2-B47F-5A8B8D34B2C5}.AppStore|iPhoneSimulator.Build.0 = Debug|Any CPU
		{1A93F433-43E7-44C2-B47F-5A8B8D34B2C5}.AppStore|iPhoneSimulator.Deploy.0 = Debug|Any CPU
		{1A93F433-43E7-44C2-B47F-5A8B8D34B2C5}.Debug|Any CPU.ActiveCfg = Debug|Any CPU
		{1A93F433-43E7-44C2-B47F-5A8B8D34B2C5}.Debug|Any CPU.Build.0 = Debug|Any CPU
		{1A93F433-43E7-44C2-B47F-5A8B8D34B2C5}.Debug|Any CPU.Deploy.0 = Debug|Any CPU
		{1A93F433-43E7-44C2-B47F-5A8B8D34B2C5}.Debug|iPhone.ActiveCfg = Debug|Any CPU
		{1A93F433-43E7-44C2-B47F-5A8B8D34B2C5}.Debug|iPhone.Build.0 = Debug|Any CPU
		{1A93F433-43E7-44C2-B47F-5A8B8D34B2C5}.Debug|iPhone.Deploy.0 = Debug|Any CPU
		{1A93F433-43E7-44C2-B47F-5A8B8D34B2C5}.Debug|iPhoneSimulator.ActiveCfg = Debug|Any CPU
		{1A93F433-43E7-44C2-B47F-5A8B8D34B2C5}.Debug|iPhoneSimulator.Build.0 = Debug|Any CPU
		{1A93F433-43E7-44C2-B47F-5A8B8D34B2C5}.Debug|iPhoneSimulator.Deploy.0 = Debug|Any CPU
		{1A93F433-43E7-44C2-B47F-5A8B8D34B2C5}.Release|Any CPU.ActiveCfg = Release|Any CPU
		{1A93F433-43E7-44C2-B47F-5A8B8D34B2C5}.Release|Any CPU.Build.0 = Release|Any CPU
		{1A93F433-43E7-44C2-B47F-5A8B8D34B2C5}.Release|Any CPU.Deploy.0 = Release|Any CPU
		{1A93F433-43E7-44C2-B47F-5A8B8D34B2C5}.Release|iPhone.ActiveCfg = Release|Any CPU
		{1A93F433-43E7-44C2-B47F-5A8B8D34B2C5}.Release|iPhone.Build.0 = Release|Any CPU
		{1A93F433-43E7-44C2-B47F-5A8B8D34B2C5}.Release|iPhone.Deploy.0 = Release|Any CPU
		{1A93F433-43E7-44C2-B47F-5A8B8D34B2C5}.Release|iPhoneSimulator.ActiveCfg = Release|Any CPU
		{1A93F433-43E7-44C2-B47F-5A8B8D34B2C5}.Release|iPhoneSimulator.Build.0 = Release|Any CPU
		{1A93F433-43E7-44C2-B47F-5A8B8D34B2C5}.Release|iPhoneSimulator.Deploy.0 = Release|Any CPU
	EndGlobalSection
	GlobalSection(SolutionProperties) = preSolution
		HideSolutionNode = FALSE
	EndGlobalSection
	GlobalSection(ExtensibilityGlobals) = postSolution
		SolutionGuid = {28269991-7316-4D12-A430-3AE141248A60}
	EndGlobalSection
EndGlobal
